
Microsoft Visual Studio Solution File, Format Version 12.00
# Visual Studio Version 16
VisualStudioVersion = 16.0.31624.102
MinimumVisualStudioVersion = 10.0.40219.1
Project("{9A19103F-16F7-4668-BE54-9A1E7A4F7556}") = "ArtGenerator", "ArtGeneratorProject\ArtGenerator.csproj", "{53186C0C-8112-4704-B3C0-B55450D7134E}"
EndProject
Global
	GlobalSection(SolutionConfigurationPlatforms) = preSolution
		Debug|Any CPU = Debug|Any CPU
		Release|Any CPU = Release|Any CPU
	EndGlobalSection
	GlobalSection(ProjectConfigurationPlatforms) = postSolution
		{53186C0C-8112-4704-B3C0-B55450D7134E}.Debug|Any CPU.ActiveCfg = Debug|Any CPU
		{53186C0C-8112-4704-B3C0-B55450D7134E}.Debug|Any CPU.Build.0 = Debug|Any CPU
		{53186C0C-8112-4704-B3C0-B55450D7134E}.Release|Any CPU.ActiveCfg = Release|Any CPU
		{53186C0C-8112-4704-B3C0-B55450D7134E}.Release|Any CPU.Build.0 = Release|Any CPU
	EndGlobalSection
	GlobalSection(SolutionProperties) = preSolution
		HideSolutionNode = FALSE
	EndGlobalSection
	GlobalSection(ExtensibilityGlobals) = postSolution
		SolutionGuid = {147A05D6-C5F1-4DE1-9A5E-50B829053B30}
	EndGlobalSection
EndGlobal
